
Microsoft Visual Studio Solution File, Format Version 12.00
# Visual Studio Version 17
VisualStudioVersion = 17.9.34902.65
MinimumVisualStudioVersion = 10.0.40219.1
Project("{9A19103F-16F7-4668-BE54-9A1E7A4F7556}") = "BlazorDbTest", "BlazorDbTest\BlazorDbTest\BlazorDbTest.csproj", "{7D088C5B-B401-41DC-8CCD-756A242D173D}"
EndProject
Project("{9A19103F-16F7-4668-BE54-9A1E7A4F7556}") = "BlazorDbTest.Client", "BlazorDbTest\BlazorDbTest.Client\BlazorDbTest.Client.csproj", "{13AE3A49-EBE7-4EA0-BC12-537D8AE643BC}"
EndProject
Global
	GlobalSection(SolutionConfigurationPlatforms) = preSolution
		Debug|Any CPU = Debug|Any CPU
		Release|Any CPU = Release|Any CPU
	EndGlobalSection
	GlobalSection(ProjectConfigurationPlatforms) = postSolution
		{7D088C5B-B401-41DC-8CCD-756A242D173D}.Debug|Any CPU.ActiveCfg = Debug|Any CPU
		{7D088C5B-B401-41DC-8CCD-756A242D173D}.Debug|Any CPU.Build.0 = Debug|Any CPU
		{7D088C5B-B401-41DC-8CCD-756A242D173D}.Release|Any CPU.ActiveCfg = Release|Any CPU
		{7D088C5B-B401-41DC-8CCD-756A242D173D}.Release|Any CPU.Build.0 = Release|Any CPU
		{13AE3A49-EBE7-4EA0-BC12-537D8AE643BC}.Debug|Any CPU.ActiveCfg = Debug|Any CPU
		{13AE3A49-EBE7-4EA0-BC12-537D8AE643BC}.Debug|Any CPU.Build.0 = Debug|Any CPU
		{13AE3A49-EBE7-4EA0-BC12-537D8AE643BC}.Release|Any CPU.ActiveCfg = Release|Any CPU
		{13AE3A49-EBE7-4EA0-BC12-537D8AE643BC}.Release|Any CPU.Build.0 = Release|Any CPU
	EndGlobalSection
	GlobalSection(SolutionProperties) = preSolution
		HideSolutionNode = FALSE
	EndGlobalSection
	GlobalSection(ExtensibilityGlobals) = postSolution
		SolutionGuid = {EFDBE496-082B-439A-B7F0-306A0A89F3C8}
	EndGlobalSection
EndGlobal
